// !$*UTF8*$!
{
	archiveVersion = 1;
	classes = {
	};
	objectVersion = 46;
	objects = {

/* Begin PBXBuildFile section */
		73C32424C012B583979EDD88 /* Pods_SpectacularSportBuddies.framework in Frameworks */ = {isa = PBXBuildFile; fileRef = 62CF6ED5FF24CEAE4D8FE667 /* Pods_SpectacularSportBuddies.framework */; };
		8986F9781D43EB190008684A /* AppDelegate.swift in Sources */ = {isa = PBXBuildFile; fileRef = 8986F9771D43EB190008684A /* AppDelegate.swift */; };
		8986F97D1D43EB190008684A /* Main.storyboard in Resources */ = {isa = PBXBuildFile; fileRef = 8986F97B1D43EB190008684A /* Main.storyboard */; };
		8986F97F1D43EB190008684A /* Assets.xcassets in Resources */ = {isa = PBXBuildFile; fileRef = 8986F97E1D43EB190008684A /* Assets.xcassets */; };
		8986F9821D43EB190008684A /* LaunchScreen.storyboard in Resources */ = {isa = PBXBuildFile; fileRef = 8986F9801D43EB190008684A /* LaunchScreen.storyboard */; };
		8986F98A1D43EB880008684A /* GoogleService-Info.plist in Resources */ = {isa = PBXBuildFile; fileRef = 8986F9891D43EB880008684A /* GoogleService-Info.plist */; };
		8986F9901D44096A0008684A /* FBSDKLoginKit.framework in Frameworks */ = {isa = PBXBuildFile; fileRef = 8986F98F1D44096A0008684A /* FBSDKLoginKit.framework */; };
		8986F9921D4409700008684A /* FBSDKShareKit.framework in Frameworks */ = {isa = PBXBuildFile; fileRef = 8986F9911D4409700008684A /* FBSDKShareKit.framework */; };
		8986F9941D44153B0008684A /* FBSDKCoreKit.framework in Frameworks */ = {isa = PBXBuildFile; fileRef = 8986F9931D44153B0008684A /* FBSDKCoreKit.framework */; };
		8986F9971D44156F0008684A /* LoginViewController.swift in Sources */ = {isa = PBXBuildFile; fileRef = 8986F9951D44156F0008684A /* LoginViewController.swift */; };
		8986F9981D44156F0008684A /* LoginViewController.xib in Resources */ = {isa = PBXBuildFile; fileRef = 8986F9961D44156F0008684A /* LoginViewController.xib */; };
		8986F99A1D4415DF0008684A /* Bolts.framework in Frameworks */ = {isa = PBXBuildFile; fileRef = 8986F9991D4415DF0008684A /* Bolts.framework */; };
		8986F99D1D441D4F0008684A /* FeedViewController.swift in Sources */ = {isa = PBXBuildFile; fileRef = 8986F99B1D441D4F0008684A /* FeedViewController.swift */; };
		8986F99E1D441D4F0008684A /* FeedViewController.xib in Resources */ = {isa = PBXBuildFile; fileRef = 8986F99C1D441D4F0008684A /* FeedViewController.xib */; };
		8986F9A11D441D6D0008684A /* TabBarViewController.swift in Sources */ = {isa = PBXBuildFile; fileRef = 8986F99F1D441D6D0008684A /* TabBarViewController.swift */; };
		8986F9A21D441D6D0008684A /* TabBarViewController.xib in Resources */ = {isa = PBXBuildFile; fileRef = 8986F9A01D441D6D0008684A /* TabBarViewController.xib */; };
		8986F9A51D441E6F0008684A /* InboxViewController.swift in Sources */ = {isa = PBXBuildFile; fileRef = 8986F9A31D441E6F0008684A /* InboxViewController.swift */; };
		8986F9A61D441E6F0008684A /* InboxViewController.xib in Resources */ = {isa = PBXBuildFile; fileRef = 8986F9A41D441E6F0008684A /* InboxViewController.xib */; };
		8986F9A91D441E770008684A /* ProfileViewController.swift in Sources */ = {isa = PBXBuildFile; fileRef = 8986F9A71D441E770008684A /* ProfileViewController.swift */; };
		8986F9AA1D441E770008684A /* ProfileViewController.xib in Resources */ = {isa = PBXBuildFile; fileRef = 8986F9A81D441E770008684A /* ProfileViewController.xib */; };
/* End PBXBuildFile section */

/* Begin PBXFileReference section */
		21A8283A82F2AC3B04A95234 /* Pods-SpectacularSportBuddies.debug.xcconfig */ = {isa = PBXFileReference; includeInIndex = 1; lastKnownFileType = text.xcconfig; name = "Pods-SpectacularSportBuddies.debug.xcconfig"; path = "Pods/Target Support Files/Pods-SpectacularSportBuddies/Pods-SpectacularSportBuddies.debug.xcconfig"; sourceTree = "<group>"; };
		62CF6ED5FF24CEAE4D8FE667 /* Pods_SpectacularSportBuddies.framework */ = {isa = PBXFileReference; explicitFileType = wrapper.framework; includeInIndex = 0; path = Pods_SpectacularSportBuddies.framework; sourceTree = BUILT_PRODUCTS_DIR; };
		6AF0EA00AC6F003E84E62D87 /* Pods-SpectacularSportBuddies.release.xcconfig */ = {isa = PBXFileReference; includeInIndex = 1; lastKnownFileType = text.xcconfig; name = "Pods-SpectacularSportBuddies.release.xcconfig"; path = "Pods/Target Support Files/Pods-SpectacularSportBuddies/Pods-SpectacularSportBuddies.release.xcconfig"; sourceTree = "<group>"; };
		8986F9741D43EB190008684A /* SpectacularSportBuddies.app */ = {isa = PBXFileReference; explicitFileType = wrapper.application; includeInIndex = 0; path = SpectacularSportBuddies.app; sourceTree = BUILT_PRODUCTS_DIR; };
		8986F9771D43EB190008684A /* AppDelegate.swift */ = {isa = PBXFileReference; lastKnownFileType = sourcecode.swift; path = AppDelegate.swift; sourceTree = "<group>"; };
		8986F97C1D43EB190008684A /* Base */ = {isa = PBXFileReference; lastKnownFileType = file.storyboard; name = Base; path = Base.lproj/Main.storyboard; sourceTree = "<group>"; };
		8986F97E1D43EB190008684A /* Assets.xcassets */ = {isa = PBXFileReference; lastKnownFileType = folder.assetcatalog; path = Assets.xcassets; sourceTree = "<group>"; };
		8986F9811D43EB190008684A /* Base */ = {isa = PBXFileReference; lastKnownFileType = file.storyboard; name = Base; path = Base.lproj/LaunchScreen.storyboard; sourceTree = "<group>"; };
		8986F9831D43EB190008684A /* Info.plist */ = {isa = PBXFileReference; lastKnownFileType = text.plist.xml; path = Info.plist; sourceTree = "<group>"; };
		8986F9891D43EB880008684A /* GoogleService-Info.plist */ = {isa = PBXFileReference; fileEncoding = 4; lastKnownFileType = text.plist.xml; path = "GoogleService-Info.plist"; sourceTree = "<group>"; };
		8986F98F1D44096A0008684A /* FBSDKLoginKit.framework */ = {isa = PBXFileReference; lastKnownFileType = wrapper.framework; path = FBSDKLoginKit.framework; sourceTree = "<group>"; };
		8986F9911D4409700008684A /* FBSDKShareKit.framework */ = {isa = PBXFileReference; lastKnownFileType = wrapper.framework; path = FBSDKShareKit.framework; sourceTree = "<group>"; };
		8986F9931D44153B0008684A /* FBSDKCoreKit.framework */ = {isa = PBXFileReference; lastKnownFileType = wrapper.framework; path = FBSDKCoreKit.framework; sourceTree = "<group>"; };
		8986F9951D44156F0008684A /* LoginViewController.swift */ = {isa = PBXFileReference; fileEncoding = 4; lastKnownFileType = sourcecode.swift; path = LoginViewController.swift; sourceTree = "<group>"; };
		8986F9961D44156F0008684A /* LoginViewController.xib */ = {isa = PBXFileReference; fileEncoding = 4; lastKnownFileType = file.xib; path = LoginViewController.xib; sourceTree = "<group>"; };
		8986F9991D4415DF0008684A /* Bolts.framework */ = {isa = PBXFileReference; lastKnownFileType = wrapper.framework; path = Bolts.framework; sourceTree = "<group>"; };
		8986F99B1D441D4F0008684A /* FeedViewController.swift */ = {isa = PBXFileReference; fileEncoding = 4; lastKnownFileType = sourcecode.swift; path = FeedViewController.swift; sourceTree = "<group>"; };
		8986F99C1D441D4F0008684A /* FeedViewController.xib */ = {isa = PBXFileReference; fileEncoding = 4; lastKnownFileType = file.xib; path = FeedViewController.xib; sourceTree = "<group>"; };
		8986F99F1D441D6D0008684A /* TabBarViewController.swift */ = {isa = PBXFileReference; fileEncoding = 4; lastKnownFileType = sourcecode.swift; path = TabBarViewController.swift; sourceTree = "<group>"; };
		8986F9A01D441D6D0008684A /* TabBarViewController.xib */ = {isa = PBXFileReference; fileEncoding = 4; lastKnownFileType = file.xib; path = TabBarViewController.xib; sourceTree = "<group>"; };
		8986F9A31D441E6F0008684A /* InboxViewController.swift */ = {isa = PBXFileReference; fileEncoding = 4; lastKnownFileType = sourcecode.swift; path = InboxViewController.swift; sourceTree = "<group>"; };
		8986F9A41D441E6F0008684A /* InboxViewController.xib */ = {isa = PBXFileReference; fileEncoding = 4; lastKnownFileType = file.xib; path = InboxViewController.xib; sourceTree = "<group>"; };
		8986F9A71D441E770008684A /* ProfileViewController.swift */ = {isa = PBXFileReference; fileEncoding = 4; lastKnownFileType = sourcecode.swift; path = ProfileViewController.swift; sourceTree = "<group>"; };
		8986F9A81D441E770008684A /* ProfileViewController.xib */ = {isa = PBXFileReference; fileEncoding = 4; lastKnownFileType = file.xib; path = ProfileViewController.xib; sourceTree = "<group>"; };
/* End PBXFileReference section */

/* Begin PBXFrameworksBuildPhase section */
		8986F9711D43EB190008684A /* Frameworks */ = {
			isa = PBXFrameworksBuildPhase;
			buildActionMask = 2147483647;
			files = (
				8986F9941D44153B0008684A /* FBSDKCoreKit.framework in Frameworks */,
				8986F9921D4409700008684A /* FBSDKShareKit.framework in Frameworks */,
				73C32424C012B583979EDD88 /* Pods_SpectacularSportBuddies.framework in Frameworks */,
				8986F99A1D4415DF0008684A /* Bolts.framework in Frameworks */,
				8986F9901D44096A0008684A /* FBSDKLoginKit.framework in Frameworks */,
			);
			runOnlyForDeploymentPostprocessing = 0;
		};
/* End PBXFrameworksBuildPhase section */

/* Begin PBXGroup section */
		1A938F030AABF33F1B752032 /* Frameworks */ = {
			isa = PBXGroup;
			children = (
				8986F9991D4415DF0008684A /* Bolts.framework */,
				8986F9931D44153B0008684A /* FBSDKCoreKit.framework */,
				8986F9911D4409700008684A /* FBSDKShareKit.framework */,
				8986F98F1D44096A0008684A /* FBSDKLoginKit.framework */,
				62CF6ED5FF24CEAE4D8FE667 /* Pods_SpectacularSportBuddies.framework */,
			);
			name = Frameworks;
			sourceTree = "<group>";
		};
		25624E79FB70CA0BC6F60F63 /* Pods */ = {
			isa = PBXGroup;
			children = (
				21A8283A82F2AC3B04A95234 /* Pods-SpectacularSportBuddies.debug.xcconfig */,
				6AF0EA00AC6F003E84E62D87 /* Pods-SpectacularSportBuddies.release.xcconfig */,
			);
			name = Pods;
			sourceTree = "<group>";
		};
		8986F96B1D43EB190008684A = {
			isa = PBXGroup;
			children = (
				8986F9761D43EB190008684A /* SpectacularSportBuddies */,
				8986F9751D43EB190008684A /* Products */,
				25624E79FB70CA0BC6F60F63 /* Pods */,
				1A938F030AABF33F1B752032 /* Frameworks */,
			);
			sourceTree = "<group>";
		};
		8986F9751D43EB190008684A /* Products */ = {
			isa = PBXGroup;
			children = (
				8986F9741D43EB190008684A /* SpectacularSportBuddies.app */,
			);
			name = Products;
			sourceTree = "<group>";
		};
		8986F9761D43EB190008684A /* SpectacularSportBuddies */ = {
			isa = PBXGroup;
			children = (
				8986F9891D43EB880008684A /* GoogleService-Info.plist */,
				8986F9771D43EB190008684A /* AppDelegate.swift */,
				8986F97B1D43EB190008684A /* Main.storyboard */,
				8986F97E1D43EB190008684A /* Assets.xcassets */,
				8986F9801D43EB190008684A /* LaunchScreen.storyboard */,
				8986F9831D43EB190008684A /* Info.plist */,
				8986F9951D44156F0008684A /* LoginViewController.swift */,
				8986F9961D44156F0008684A /* LoginViewController.xib */,
				8986F99B1D441D4F0008684A /* FeedViewController.swift */,
				8986F99C1D441D4F0008684A /* FeedViewController.xib */,
				8986F99F1D441D6D0008684A /* TabBarViewController.swift */,
				8986F9A01D441D6D0008684A /* TabBarViewController.xib */,
				8986F9A31D441E6F0008684A /* InboxViewController.swift */,
				8986F9A41D441E6F0008684A /* InboxViewController.xib */,
				8986F9A71D441E770008684A /* ProfileViewController.swift */,
				8986F9A81D441E770008684A /* ProfileViewController.xib */,
			);
			path = SpectacularSportBuddies;
			sourceTree = "<group>";
		};
/* End PBXGroup section */

/* Begin PBXNativeTarget section */
		8986F9731D43EB190008684A /* SpectacularSportBuddies */ = {
			isa = PBXNativeTarget;
			buildConfigurationList = 8986F9861D43EB190008684A /* Build configuration list for PBXNativeTarget "SpectacularSportBuddies" */;
			buildPhases = (
				E2C4794651989BC89732968E /* [CP] Check Pods Manifest.lock */,
				8986F9701D43EB190008684A /* Sources */,
				8986F9711D43EB190008684A /* Frameworks */,
				8986F9721D43EB190008684A /* Resources */,
				D7E1F461C260F658115BF51C /* [CP] Embed Pods Frameworks */,
				6F69A5EFB7FE814BF106423A /* [CP] Copy Pods Resources */,
			);
			buildRules = (
			);
			dependencies = (
			);
			name = SpectacularSportBuddies;
			productName = SpectacularSportBuddies;
			productReference = 8986F9741D43EB190008684A /* SpectacularSportBuddies.app */;
			productType = "com.apple.product-type.application";
		};
/* End PBXNativeTarget section */

/* Begin PBXProject section */
		8986F96C1D43EB190008684A /* Project object */ = {
			isa = PBXProject;
			attributes = {
				LastSwiftUpdateCheck = 0730;
				LastUpgradeCheck = 0730;
				ORGANIZATIONNAME = "Adela Gao";
				TargetAttributes = {
					8986F9731D43EB190008684A = {
						CreatedOnToolsVersion = 7.3.1;
					};
				};
			};
			buildConfigurationList = 8986F96F1D43EB190008684A /* Build configuration list for PBXProject "SpectacularSportBuddies" */;
			compatibilityVersion = "Xcode 3.2";
			developmentRegion = English;
			hasScannedForEncodings = 0;
			knownRegions = (
				en,
				Base,
			);
			mainGroup = 8986F96B1D43EB190008684A;
			productRefGroup = 8986F9751D43EB190008684A /* Products */;
			projectDirPath = "";
			projectRoot = "";
			targets = (
				8986F9731D43EB190008684A /* SpectacularSportBuddies */,
			);
		};
/* End PBXProject section */

/* Begin PBXResourcesBuildPhase section */
		8986F9721D43EB190008684A /* Resources */ = {
			isa = PBXResourcesBuildPhase;
			buildActionMask = 2147483647;
			files = (
				8986F9AA1D441E770008684A /* ProfileViewController.xib in Resources */,
				8986F9981D44156F0008684A /* LoginViewController.xib in Resources */,
				8986F98A1D43EB880008684A /* GoogleService-Info.plist in Resources */,
				8986F9821D43EB190008684A /* LaunchScreen.storyboard in Resources */,
				8986F97F1D43EB190008684A /* Assets.xcassets in Resources */,
				8986F9A21D441D6D0008684A /* TabBarViewController.xib in Resources */,
				8986F99E1D441D4F0008684A /* FeedViewController.xib in Resources */,
				8986F97D1D43EB190008684A /* Main.storyboard in Resources */,
				8986F9A61D441E6F0008684A /* InboxViewController.xib in Resources */,
			);
			runOnlyForDeploymentPostprocessing = 0;
		};
/* End PBXResourcesBuildPhase section */

/* Begin PBXShellScriptBuildPhase section */
		6F69A5EFB7FE814BF106423A /* [CP] Copy Pods Resources */ = {
			isa = PBXShellScriptBuildPhase;
			buildActionMask = 2147483647;
			files = (
			);
			inputPaths = (
			);
			name = "[CP] Copy Pods Resources";
			outputPaths = (
			);
			runOnlyForDeploymentPostprocessing = 0;
			shellPath = /bin/sh;
			shellScript = "\"${SRCROOT}/Pods/Target Support Files/Pods-SpectacularSportBuddies/Pods-SpectacularSportBuddies-resources.sh\"\n";
			showEnvVarsInLog = 0;
		};
		D7E1F461C260F658115BF51C /* [CP] Embed Pods Frameworks */ = {
			isa = PBXShellScriptBuildPhase;
			buildActionMask = 2147483647;
			files = (
			);
			inputPaths = (
			);
			name = "[CP] Embed Pods Frameworks";
			outputPaths = (
			);
			runOnlyForDeploymentPostprocessing = 0;
			shellPath = /bin/sh;
			shellScript = "\"${SRCROOT}/Pods/Target Support Files/Pods-SpectacularSportBuddies/Pods-SpectacularSportBuddies-frameworks.sh\"\n";
			showEnvVarsInLog = 0;
		};
		E2C4794651989BC89732968E /* [CP] Check Pods Manifest.lock */ = {
			isa = PBXShellScriptBuildPhase;
			buildActionMask = 2147483647;
			files = (
			);
			inputPaths = (
			);
			name = "[CP] Check Pods Manifest.lock";
			outputPaths = (
			);
			runOnlyForDeploymentPostprocessing = 0;
			shellPath = /bin/sh;
			shellScript = "diff \"${PODS_ROOT}/../Podfile.lock\" \"${PODS_ROOT}/Manifest.lock\" > /dev/null\nif [[ $? != 0 ]] ; then\n    cat << EOM\nerror: The sandbox is not in sync with the Podfile.lock. Run 'pod install' or update your CocoaPods installation.\nEOM\n    exit 1\nfi\n";
			showEnvVarsInLog = 0;
		};
/* End PBXShellScriptBuildPhase section */

/* Begin PBXSourcesBuildPhase section */
		8986F9701D43EB190008684A /* Sources */ = {
			isa = PBXSourcesBuildPhase;
			buildActionMask = 2147483647;
			files = (
				8986F9A91D441E770008684A /* ProfileViewController.swift in Sources */,
				8986F9A51D441E6F0008684A /* InboxViewController.swift in Sources */,
				8986F9A11D441D6D0008684A /* TabBarViewController.swift in Sources */,
				8986F9971D44156F0008684A /* LoginViewController.swift in Sources */,
				8986F99D1D441D4F0008684A /* FeedViewController.swift in Sources */,
				8986F9781D43EB190008684A /* AppDelegate.swift in Sources */,
			);
			runOnlyForDeploymentPostprocessing = 0;
		};
/* End PBXSourcesBuildPhase section */

/* Begin PBXVariantGroup section */
		8986F97B1D43EB190008684A /* Main.storyboard */ = {
			isa = PBXVariantGroup;
			children = (
				8986F97C1D43EB190008684A /* Base */,
			);
			name = Main.storyboard;
			sourceTree = "<group>";
		};
		8986F9801D43EB190008684A /* LaunchScreen.storyboard */ = {
			isa = PBXVariantGroup;
			children = (
				8986F9811D43EB190008684A /* Base */,
			);
			name = LaunchScreen.storyboard;
			sourceTree = "<group>";
		};
/* End PBXVariantGroup section */

/* Begin XCBuildConfiguration section */
		8986F9841D43EB190008684A /* Debug */ = {
			isa = XCBuildConfiguration;
			buildSettings = {
				ALWAYS_SEARCH_USER_PATHS = NO;
				CLANG_ANALYZER_NONNULL = YES;
				CLANG_CXX_LANGUAGE_STANDARD = "gnu++0x";
				CLANG_CXX_LIBRARY = "libc++";
				CLANG_ENABLE_MODULES = YES;
				CLANG_ENABLE_OBJC_ARC = YES;
				CLANG_WARN_BOOL_CONVERSION = YES;
				CLANG_WARN_CONSTANT_CONVERSION = YES;
				CLANG_WARN_DIRECT_OBJC_ISA_USAGE = YES_ERROR;
				CLANG_WARN_EMPTY_BODY = YES;
				CLANG_WARN_ENUM_CONVERSION = YES;
				CLANG_WARN_INT_CONVERSION = YES;
				CLANG_WARN_OBJC_ROOT_CLASS = YES_ERROR;
				CLANG_WARN_UNREACHABLE_CODE = YES;
				CLANG_WARN__DUPLICATE_METHOD_MATCH = YES;
				"CODE_SIGN_IDENTITY[sdk=iphoneos*]" = "iPhone Developer";
				COPY_PHASE_STRIP = NO;
				DEBUG_INFORMATION_FORMAT = dwarf;
				ENABLE_STRICT_OBJC_MSGSEND = YES;
				ENABLE_TESTABILITY = YES;
				GCC_C_LANGUAGE_STANDARD = gnu99;
				GCC_DYNAMIC_NO_PIC = NO;
				GCC_NO_COMMON_BLOCKS = YES;
				GCC_OPTIMIZATION_LEVEL = 0;
				GCC_PREPROCESSOR_DEFINITIONS = (
					"DEBUG=1",
					"$(inherited)",
				);
				GCC_WARN_64_TO_32_BIT_CONVERSION = YES;
				GCC_WARN_ABOUT_RETURN_TYPE = YES_ERROR;
				GCC_WARN_UNDECLARED_SELECTOR = YES;
				GCC_WARN_UNINITIALIZED_AUTOS = YES_AGGRESSIVE;
				GCC_WARN_UNUSED_FUNCTION = YES;
				GCC_WARN_UNUSED_VARIABLE = YES;
				IPHONEOS_DEPLOYMENT_TARGET = 9.3;
				MTL_ENABLE_DEBUG_INFO = YES;
				ONLY_ACTIVE_ARCH = YES;
				SDKROOT = iphoneos;
				SWIFT_OPTIMIZATION_LEVEL = "-Onone";
			};
			name = Debug;
		};
		8986F9851D43EB190008684A /* Release */ = {
			isa = XCBuildConfiguration;
			buildSettings = {
				ALWAYS_SEARCH_USER_PATHS = NO;
				CLANG_ANALYZER_NONNULL = YES;
				CLANG_CXX_LANGUAGE_STANDARD = "gnu++0x";
				CLANG_CXX_LIBRARY = "libc++";
				CLANG_ENABLE_MODULES = YES;
				CLANG_ENABLE_OBJC_ARC = YES;
				CLANG_WARN_BOOL_CONVERSION = YES;
				CLANG_WARN_CONSTANT_CONVERSION = YES;
				CLANG_WARN_DIRECT_OBJC_ISA_USAGE = YES_ERROR;
				CLANG_WARN_EMPTY_BODY = YES;
				CLANG_WARN_ENUM_CONVERSION = YES;
				CLANG_WARN_INT_CONVERSION = YES;
				CLANG_WARN_OBJC_ROOT_CLASS = YES_ERROR;
				CLANG_WARN_UNREACHABLE_CODE = YES;
				CLANG_WARN__DUPLICATE_METHOD_MATCH = YES;
				"CODE_SIGN_IDENTITY[sdk=iphoneos*]" = "iPhone Developer";
				COPY_PHASE_STRIP = NO;
				DEBUG_INFORMATION_FORMAT = "dwarf-with-dsym";
				ENABLE_NS_ASSERTIONS = NO;
				ENABLE_STRICT_OBJC_MSGSEND = YES;
				GCC_C_LANGUAGE_STANDARD = gnu99;
				GCC_NO_COMMON_BLOCKS = YES;
				GCC_WARN_64_TO_32_BIT_CONVERSION = YES;
				GCC_WARN_ABOUT_RETURN_TYPE = YES_ERROR;
				GCC_WARN_UNDECLARED_SELECTOR = YES;
				GCC_WARN_UNINITIALIZED_AUTOS = YES_AGGRESSIVE;
				GCC_WARN_UNUSED_FUNCTION = YES;
				GCC_WARN_UNUSED_VARIABLE = YES;
				IPHONEOS_DEPLOYMENT_TARGET = 9.3;
				MTL_ENABLE_DEBUG_INFO = NO;
				SDKROOT = iphoneos;
				VALIDATE_PRODUCT = YES;
			};
			name = Release;
		};
		8986F9871D43EB190008684A /* Debug */ = {
			isa = XCBuildConfiguration;
			baseConfigurationReference = 21A8283A82F2AC3B04A95234 /* Pods-SpectacularSportBuddies.debug.xcconfig */;
			buildSettings = {
				ASSETCATALOG_COMPILER_APPICON_NAME = AppIcon;
				FRAMEWORK_SEARCH_PATHS = (
					"$(inherited)",
					"$(PROJECT_DIR)",
				);
				INFOPLIST_FILE = SpectacularSportBuddies/Info.plist;
				LD_RUNPATH_SEARCH_PATHS = "$(inherited) @executable_path/Frameworks";
				PRODUCT_BUNDLE_IDENTIFIER = adelagao.SpectacularSportBuddies;
				PRODUCT_NAME = "$(TARGET_NAME)";
			};
			name = Debug;
		};
		8986F9881D43EB190008684A /* Release */ = {
			isa = XCBuildConfiguration;
			baseConfigurationReference = 6AF0EA00AC6F003E84E62D87 /* Pods-SpectacularSportBuddies.release.xcconfig */;
			buildSettings = {
				ASSETCATALOG_COMPILER_APPICON_NAME = AppIcon;
				FRAMEWORK_SEARCH_PATHS = (
					"$(inherited)",
					"$(PROJECT_DIR)",
				);
				INFOPLIST_FILE = SpectacularSportBuddies/Info.plist;
				LD_RUNPATH_SEARCH_PATHS = "$(inherited) @executable_path/Frameworks";
				PRODUCT_BUNDLE_IDENTIFIER = adelagao.SpectacularSportBuddies;
				PRODUCT_NAME = "$(TARGET_NAME)";
			};
			name = Release;
		};
/* End XCBuildConfiguration section */

/* Begin XCConfigurationList section */
		8986F96F1D43EB190008684A /* Build configuration list for PBXProject "SpectacularSportBuddies" */ = {
			isa = XCConfigurationList;
			buildConfigurations = (
				8986F9841D43EB190008684A /* Debug */,
				8986F9851D43EB190008684A /* Release */,
			);
			defaultConfigurationIsVisible = 0;
			defaultConfigurationName = Release;
		};
		8986F9861D43EB190008684A /* Build configuration list for PBXNativeTarget "SpectacularSportBuddies" */ = {
			isa = XCConfigurationList;
			buildConfigurations = (
				8986F9871D43EB190008684A /* Debug */,
				8986F9881D43EB190008684A /* Release */,
			);
			defaultConfigurationIsVisible = 0;
			defaultConfigurationName = Release;
		};
/* End XCConfigurationList section */
	};
	rootObject = 8986F96C1D43EB190008684A /* Project object */;
}
